
Microsoft Visual Studio Solution File, Format Version 12.00
# Visual Studio 15
VisualStudioVersion = 15.0.28307.271
MinimumVisualStudioVersion = 10.0.40219.1
Project("{FAE04EC0-301F-11D3-BF4B-00C04F79EFBC}") = "MI_ketszemelyes_beadando", "MI_ketszemelyes_beadando\MI_ketszemelyes_beadando.csproj", "{B479DE14-D26B-4782-8990-08517800CAE0}"
EndProject
Global
	GlobalSection(SolutionConfigurationPlatforms) = preSolution
		Debug|Any CPU = Debug|Any CPU
		Release|Any CPU = Release|Any CPU
	EndGlobalSection
	GlobalSection(ProjectConfigurationPlatforms) = postSolution
		{B479DE14-D26B-4782-8990-08517800CAE0}.Debug|Any CPU.ActiveCfg = Debug|Any CPU
		{B479DE14-D26B-4782-8990-08517800CAE0}.Debug|Any CPU.Build.0 = Debug|Any CPU
		{B479DE14-D26B-4782-8990-08517800CAE0}.Release|Any CPU.ActiveCfg = Release|Any CPU
		{B479DE14-D26B-4782-8990-08517800CAE0}.Release|Any CPU.Build.0 = Release|Any CPU
	EndGlobalSection
	GlobalSection(SolutionProperties) = preSolution
		HideSolutionNode = FALSE
	EndGlobalSection
	GlobalSection(ExtensibilityGlobals) = postSolution
		SolutionGuid = {A1C6E9C6-D94B-4098-95E4-78CAD457B1F4}
	EndGlobalSection
EndGlobal
